
Microsoft Visual Studio Solution File, Format Version 12.00
# Visual Studio 15
VisualStudioVersion = 15.0.28307.329
MinimumVisualStudioVersion = 10.0.40219.1
Project("{FAE04EC0-301F-11D3-BF4B-00C04F79EFBC}") = "StockApp.Android", "StockApp\StockApp.Android\StockApp.Android.csproj", "{C3B0E936-FE1C-49C8-B61D-9E47BEA6E6CF}"
EndProject
Project("{FAE04EC0-301F-11D3-BF4B-00C04F79EFBC}") = "StockApp.iOS", "StockApp\StockApp.iOS\StockApp.iOS.csproj", "{BA434A2B-4F34-4474-80A6-B274A3849D2D}"
EndProject
Project("{FAE04EC0-301F-11D3-BF4B-00C04F79EFBC}") = "StockApp", "StockApp\StockApp\StockApp.csproj", "{9B4C320C-5D58-41D8-A14F-9A5B75BC55DB}"
EndProject
Global
	GlobalSection(SolutionConfigurationPlatforms) = preSolution
		Ad-Hoc|Any CPU = Ad-Hoc|Any CPU
		Ad-Hoc|iPhone = Ad-Hoc|iPhone
		Ad-Hoc|iPhoneSimulator = Ad-Hoc|iPhoneSimulator
		AppStore|Any CPU = AppStore|Any CPU
		AppStore|iPhone = AppStore|iPhone
		AppStore|iPhoneSimulator = AppStore|iPhoneSimulator
		Debug|Any CPU = Debug|Any CPU
		Debug|iPhone = Debug|iPhone
		Debug|iPhoneSimulator = Debug|iPhoneSimulator
		Release|Any CPU = Release|Any CPU
		Release|iPhone = Release|iPhone
		Release|iPhoneSimulator = Release|iPhoneSimulator
	EndGlobalSection
	GlobalSection(ProjectConfigurationPlatforms) = postSolution
		{C3B0E936-FE1C-49C8-B61D-9E47BEA6E6CF}.Ad-Hoc|Any CPU.ActiveCfg = Release|Any CPU
		{C3B0E936-FE1C-49C8-B61D-9E47BEA6E6CF}.Ad-Hoc|Any CPU.Build.0 = Release|Any CPU
		{C3B0E936-FE1C-49C8-B61D-9E47BEA6E6CF}.Ad-Hoc|Any CPU.Deploy.0 = Release|Any CPU
		{C3B0E936-FE1C-49C8-B61D-9E47BEA6E6CF}.Ad-Hoc|iPhone.ActiveCfg = Release|Any CPU
		{C3B0E936-FE1C-49C8-B61D-9E47BEA6E6CF}.Ad-Hoc|iPhone.Build.0 = Release|Any CPU
		{C3B0E936-FE1C-49C8-B61D-9E47BEA6E6CF}.Ad-Hoc|iPhone.Deploy.0 = Release|Any CPU
		{C3B0E936-FE1C-49C8-B61D-9E47BEA6E6CF}.Ad-Hoc|iPhoneSimulator.ActiveCfg = Release|Any CPU
		{C3B0E936-FE1C-49C8-B61D-9E47BEA6E6CF}.Ad-Hoc|iPhoneSimulator.Build.0 = Release|Any CPU
		{C3B0E936-FE1C-49C8-B61D-9E47BEA6E6CF}.Ad-Hoc|iPhoneSimulator.Deploy.0 = Release|Any CPU
		{C3B0E936-FE1C-49C8-B61D-9E47BEA6E6CF}.AppStore|Any CPU.ActiveCfg = Release|Any CPU
		{C3B0E936-FE1C-49C8-B61D-9E47BEA6E6CF}.AppStore|Any CPU.Build.0 = Release|Any CPU
		{C3B0E936-FE1C-49C8-B61D-9E47BEA6E6CF}.AppStore|Any CPU.Deploy.0 = Release|Any CPU
		{C3B0E936-FE1C-49C8-B61D-9E47BEA6E6CF}.AppStore|iPhone.ActiveCfg = Release|Any CPU
		{C3B0E936-FE1C-49C8-B61D-9E47BEA6E6CF}.AppStore|iPhone.Build.0 = Release|Any CPU
		{C3B0E936-FE1C-49C8-B61D-9E47BEA6E6CF}.AppStore|iPhone.Deploy.0 = Release|Any CPU
		{C3B0E936-FE1C-49C8-B61D-9E47BEA6E6CF}.AppStore|iPhoneSimulator.ActiveCfg = Release|Any CPU
		{C3B0E936-FE1C-49C8-B61D-9E47BEA6E6CF}.AppStore|iPhoneSimulator.Build.0 = Release|Any CPU
		{C3B0E936-FE1C-49C8-B61D-9E47BEA6E6CF}.AppStore|iPhoneSimulator.Deploy.0 = Release|Any CPU
		{C3B0E936-FE1C-49C8-B61D-9E47BEA6E6CF}.Debug|Any CPU.ActiveCfg = Debug|Any CPU
		{C3B0E936-FE1C-49C8-B61D-9E47BEA6E6CF}.Debug|Any CPU.Build.0 = Debug|Any CPU
		{C3B0E936-FE1C-49C8-B61D-9E47BEA6E6CF}.Debug|Any CPU.Deploy.0 = Debug|Any CPU
		{C3B0E936-FE1C-49C8-B61D-9E47BEA6E6CF}.Debug|iPhone.ActiveCfg = Debug|Any CPU
		{C3B0E936-FE1C-49C8-B61D-9E47BEA6E6CF}.Debug|iPhone.Build.0 = Debug|Any CPU
		{C3B0E936-FE1C-49C8-B61D-9E47BEA6E6CF}.Debug|iPhone.Deploy.0 = Debug|Any CPU
		{C3B0E936-FE1C-49C8-B61D-9E47BEA6E6CF}.Debug|iPhoneSimulator.ActiveCfg = Debug|Any CPU
		{C3B0E936-FE1C-49C8-B61D-9E47BEA6E6CF}.Debug|iPhoneSimulator.Build.0 = Debug|Any CPU
		{C3B0E936-FE1C-49C8-B61D-9E47BEA6E6CF}.Debug|iPhoneSimulator.Deploy.0 = Debug|Any CPU
		{C3B0E936-FE1C-49C8-B61D-9E47BEA6E6CF}.Release|Any CPU.ActiveCfg = Release|Any CPU
		{C3B0E936-FE1C-49C8-B61D-9E47BEA6E6CF}.Release|Any CPU.Build.0 = Release|Any CPU
		{C3B0E936-FE1C-49C8-B61D-9E47BEA6E6CF}.Release|Any CPU.Deploy.0 = Release|Any CPU
		{C3B0E936-FE1C-49C8-B61D-9E47BEA6E6CF}.Release|iPhone.ActiveCfg = Release|Any CPU
		{C3B0E936-FE1C-49C8-B61D-9E47BEA6E6CF}.Release|iPhone.Build.0 = Release|Any CPU
		{C3B0E936-FE1C-49C8-B61D-9E47BEA6E6CF}.Release|iPhone.Deploy.0 = Release|Any CPU
		{C3B0E936-FE1C-49C8-B61D-9E47BEA6E6CF}.Release|iPhoneSimulator.ActiveCfg = Release|Any CPU
		{C3B0E936-FE1C-49C8-B61D-9E47BEA6E6CF}.Release|iPhoneSimulator.Build.0 = Release|Any CPU
		{C3B0E936-FE1C-49C8-B61D-9E47BEA6E6CF}.Release|iPhoneSimulator.Deploy.0 = Release|Any CPU
		{BA434A2B-4F34-4474-80A6-B274A3849D2D}.Ad-Hoc|Any CPU.ActiveCfg = Ad-Hoc|iPhone
		{BA434A2B-4F34-4474-80A6-B274A3849D2D}.Ad-Hoc|Any CPU.Build.0 = Ad-Hoc|iPhone
		{BA434A2B-4F34-4474-80A6-B274A3849D2D}.Ad-Hoc|Any CPU.Deploy.0 = Ad-Hoc|iPhone
		{BA434A2B-4F34-4474-80A6-B274A3849D2D}.Ad-Hoc|iPhone.ActiveCfg = Ad-Hoc|iPhone
		{BA434A2B-4F34-4474-80A6-B274A3849D2D}.Ad-Hoc|iPhone.Build.0 = Ad-Hoc|iPhone
		{BA434A2B-4F34-4474-80A6-B274A3849D2D}.Ad-Hoc|iPhone.Deploy.0 = Ad-Hoc|iPhone
		{BA434A2B-4F34-4474-80A6-B274A3849D2D}.Ad-Hoc|iPhoneSimulator.ActiveCfg = Ad-Hoc|iPhoneSimulator
		{BA434A2B-4F34-4474-80A6-B274A3849D2D}.Ad-Hoc|iPhoneSimulator.Build.0 = Ad-Hoc|iPhoneSimulator
		{BA434A2B-4F34-4474-80A6-B274A3849D2D}.Ad-Hoc|iPhoneSimulator.Deploy.0 = Ad-Hoc|iPhoneSimulator
		{BA434A2B-4F34-4474-80A6-B274A3849D2D}.AppStore|Any CPU.ActiveCfg = AppStore|iPhone
		{BA434A2B-4F34-4474-80A6-B274A3849D2D}.AppStore|Any CPU.Build.0 = AppStore|iPhone
		{BA434A2B-4F34-4474-80A6-B274A3849D2D}.AppStore|Any CPU.Deploy.0 = AppStore|iPhone
		{BA434A2B-4F34-4474-80A6-B274A3849D2D}.AppStore|iPhone.ActiveCfg = AppStore|iPhone
		{BA434A2B-4F34-4474-80A6-B274A3849D2D}.AppStore|iPhone.Build.0 = AppStore|iPhone
		{BA434A2B-4F34-4474-80A6-B274A3849D2D}.AppStore|iPhone.Deploy.0 = AppStore|iPhone
		{BA434A2B-4F34-4474-80A6-B274A3849D2D}.AppStore|iPhoneSimulator.ActiveCfg = AppStore|iPhoneSimulator
		{BA434A2B-4F34-4474-80A6-B274A3849D2D}.AppStore|iPhoneSimulator.Build.0 = AppStore|iPhoneSimulator
		{BA434A2B-4F34-4474-80A6-B274A3849D2D}.AppStore|iPhoneSimulator.Deploy.0 = AppStore|iPhoneSimulator
		{BA434A2B-4F34-4474-80A6-B274A3849D2D}.Debug|Any CPU.ActiveCfg = Debug|iPhoneSimulator
		{BA434A2B-4F34-4474-80A6-B274A3849D2D}.Debug|Any CPU.Build.0 = Debug|iPhoneSimulator
		{BA434A2B-4F34-4474-80A6-B274A3849D2D}.Debug|Any CPU.Deploy.0 = Debug|iPhoneSimulator
		{BA434A2B-4F34-4474-80A6-B274A3849D2D}.Debug|iPhone.ActiveCfg = Debug|iPhone
		{BA434A2B-4F34-4474-80A6-B274A3849D2D}.Debug|iPhone.Build.0 = Debug|iPhone
		{BA434A2B-4F34-4474-80A6-B274A3849D2D}.Debug|iPhone.Deploy.0 = Debug|iPhone
		{BA434A2B-4F34-4474-80A6-B274A3849D2D}.Debug|iPhoneSimulator.ActiveCfg = Debug|iPhoneSimulator
		{BA434A2B-4F34-4474-80A6-B274A3849D2D}.Debug|iPhoneSimulator.Build.0 = Debug|iPhoneSimulator
		{BA434A2B-4F34-4474-80A6-B274A3849D2D}.Debug|iPhoneSimulator.Deploy.0 = Debug|iPhoneSimulator
		{BA434A2B-4F34-4474-80A6-B274A3849D2D}.Release|Any CPU.ActiveCfg = Release|iPhone
		{BA434A2B-4F34-4474-80A6-B274A3849D2D}.Release|Any CPU.Build.0 = Release|iPhone
		{BA434A2B-4F34-4474-80A6-B274A3849D2D}.Release|Any CPU.Deploy.0 = Release|iPhone
		{BA434A2B-4F34-4474-80A6-B274A3849D2D}.Release|iPhone.ActiveCfg = Release|iPhone
		{BA434A2B-4F34-4474-80A6-B274A3849D2D}.Release|iPhone.Build.0 = Release|iPhone
		{BA434A2B-4F34-4474-80A6-B274A3849D2D}.Release|iPhone.Deploy.0 = Release|iPhone
		{BA434A2B-4F34-4474-80A6-B274A3849D2D}.Release|iPhoneSimulator.ActiveCfg = Release|iPhoneSimulator
		{BA434A2B-4F34-4474-80A6-B274A3849D2D}.Release|iPhoneSimulator.Build.0 = Release|iPhoneSimulator
		{BA434A2B-4F34-4474-80A6-B274A3849D2D}.Release|iPhoneSimulator.Deploy.0 = Release|iPhoneSimulator
		{9B4C320C-5D58-41D8-A14F-9A5B75BC55DB}.Ad-Hoc|Any CPU.ActiveCfg = Debug|Any CPU
		{9B4C320C-5D58-41D8-A14F-9A5B75BC55DB}.Ad-Hoc|Any CPU.Build.0 = Debug|Any CPU
		{9B4C320C-5D58-41D8-A14F-9A5B75BC55DB}.Ad-Hoc|Any CPU.Deploy.0 = Debug|Any CPU
		{9B4C320C-5D58-41D8-A14F-9A5B75BC55DB}.Ad-Hoc|iPhone.ActiveCfg = Debug|Any CPU
		{9B4C320C-5D58-41D8-A14F-9A5B75BC55DB}.Ad-Hoc|iPhone.Build.0 = Debug|Any CPU
		{9B4C320C-5D58-41D8-A14F-9A5B75BC55DB}.Ad-Hoc|iPhone.Deploy.0 = Debug|Any CPU
		{9B4C320C-5D58-41D8-A14F-9A5B75BC55DB}.Ad-Hoc|iPhoneSimulator.ActiveCfg = Debug|Any CPU
		{9B4C320C-5D58-41D8-A14F-9A5B75BC55DB}.Ad-Hoc|iPhoneSimulator.Build.0 = Debug|Any CPU
		{9B4C320C-5D58-41D8-A14F-9A5B75BC55DB}.Ad-Hoc|iPhoneSimulator.Deploy.0 = Debug|Any CPU
		{9B4C320C-5D58-41D8-A14F-9A5B75BC55DB}.AppStore|Any CPU.ActiveCfg = Debug|Any CPU
		{9B4C320C-5D58-41D8-A14F-9A5B75BC55DB}.AppStore|Any CPU.Build.0 = Debug|Any CPU
		{9B4C320C-5D58-41D8-A14F-9A5B75BC55DB}.AppStore|Any CPU.Deploy.0 = Debug|Any CPU
		{9B4C320C-5D58-41D8-A14F-9A5B75BC55DB}.AppStore|iPhone.ActiveCfg = Debug|Any CPU
		{9B4C320C-5D58-41D8-A14F-9A5B75BC55DB}.AppStore|iPhone.Build.0 = Debug|Any CPU
		{9B4C320C-5D58-41D8-A14F-9A5B75BC55DB}.AppStore|iPhone.Deploy.0 = Debug|Any CPU
		{9B4C320C-5D58-41D8-A14F-9A5B75BC55DB}.AppStore|iPhoneSimulator.ActiveCfg = Debug|Any CPU
		{9B4C320C-5D58-41D8-A14F-9A5B75BC55DB}.AppStore|iPhoneSimulator.Build.0 = Debug|Any CPU
		{9B4C320C-5D58-41D8-A14F-9A5B75BC55DB}.AppStore|iPhoneSimulator.Deploy.0 = Debug|Any CPU
		{9B4C320C-5D58-41D8-A14F-9A5B75BC55DB}.Debug|Any CPU.ActiveCfg = Debug|Any CPU
		{9B4C320C-5D58-41D8-A14F-9A5B75BC55DB}.Debug|Any CPU.Build.0 = Debug|Any CPU
		{9B4C320C-5D58-41D8-A14F-9A5B75BC55DB}.Debug|Any CPU.Deploy.0 = Debug|Any CPU
		{9B4C320C-5D58-41D8-A14F-9A5B75BC55DB}.Debug|iPhone.ActiveCfg = Debug|Any CPU
		{9B4C320C-5D58-41D8-A14F-9A5B75BC55DB}.Debug|iPhone.Build.0 = Debug|Any CPU
		{9B4C320C-5D58-41D8-A14F-9A5B75BC55DB}.Debug|iPhone.Deploy.0 = Debug|Any CPU
		{9B4C320C-5D58-41D8-A14F-9A5B75BC55DB}.Debug|iPhoneSimulator.ActiveCfg = Debug|Any CPU
		{9B4C320C-5D58-41D8-A14F-9A5B75BC55DB}.Debug|iPhoneSimulator.Build.0 = Debug|Any CPU
		{9B4C320C-5D58-41D8-A14F-9A5B75BC55DB}.Debug|iPhoneSimulator.Deploy.0 = Debug|Any CPU
		{9B4C320C-5D58-41D8-A14F-9A5B75BC55DB}.Release|Any CPU.ActiveCfg = Release|Any CPU
		{9B4C320C-5D58-41D8-A14F-9A5B75BC55DB}.Release|Any CPU.Build.0 = Release|Any CPU
		{9B4C320C-5D58-41D8-A14F-9A5B75BC55DB}.Release|Any CPU.Deploy.0 = Release|Any CPU
		{9B4C320C-5D58-41D8-A14F-9A5B75BC55DB}.Release|iPhone.ActiveCfg = Release|Any CPU
		{9B4C320C-5D58-41D8-A14F-9A5B75BC55DB}.Release|iPhone.Build.0 = Release|Any CPU
		{9B4C320C-5D58-41D8-A14F-9A5B75BC55DB}.Release|iPhone.Deploy.0 = Release|Any CPU
		{9B4C320C-5D58-41D8-A14F-9A5B75BC55DB}.Release|iPhoneSimulator.ActiveCfg = Release|Any CPU
		{9B4C320C-5D58-41D8-A14F-9A5B75BC55DB}.Release|iPhoneSimulator.Build.0 = Release|Any CPU
		{9B4C320C-5D58-41D8-A14F-9A5B75BC55DB}.Release|iPhoneSimulator.Deploy.0 = Release|Any CPU
	EndGlobalSection
	GlobalSection(SolutionProperties) = preSolution
		HideSolutionNode = FALSE
	EndGlobalSection
	GlobalSection(ExtensibilityGlobals) = postSolution
		SolutionGuid = {8C93A0CC-A7A1-4E58-A511-8AD3F178EFE4}
	EndGlobalSection
EndGlobal
